
Microsoft Visual Studio Solution File, Format Version 12.00
# Visual Studio Version 17
VisualStudioVersion = 17.11.35327.3
MinimumVisualStudioVersion = 10.0.40219.1
Project("{9A19103F-16F7-4668-BE54-9A1E7A4F7556}") = "SuParty", "SuParty\SuParty.csproj", "{BE8804F0-6C9E-4D45-9A48-F6143A823701}"
	ProjectSection(ProjectDependencies) = postProject
		{83E2F4BD-7F5C-450F-A30B-50120A9F31EF} = {83E2F4BD-7F5C-450F-A30B-50120A9F31EF}
	EndProjectSection
EndProject
Project("{FAE04EC0-301F-11D3-BF4B-00C04F79EFBC}") = "Utility", "Utility\Utility.csproj", "{83E2F4BD-7F5C-450F-A30B-50120A9F31EF}"
EndProject
Global
	GlobalSection(SolutionConfigurationPlatforms) = preSolution
		Debug|Any CPU = Debug|Any CPU
		Release|Any CPU = Release|Any CPU
	EndGlobalSection
	GlobalSection(ProjectConfigurationPlatforms) = postSolution
		{BE8804F0-6C9E-4D45-9A48-F6143A823701}.Debug|Any CPU.ActiveCfg = Debug|Any CPU
		{BE8804F0-6C9E-4D45-9A48-F6143A823701}.Debug|Any CPU.Build.0 = Debug|Any CPU
		{BE8804F0-6C9E-4D45-9A48-F6143A823701}.Release|Any CPU.ActiveCfg = Release|Any CPU
		{BE8804F0-6C9E-4D45-9A48-F6143A823701}.Release|Any CPU.Build.0 = Release|Any CPU
		{83E2F4BD-7F5C-450F-A30B-50120A9F31EF}.Debug|Any CPU.ActiveCfg = Debug|Any CPU
		{83E2F4BD-7F5C-450F-A30B-50120A9F31EF}.Debug|Any CPU.Build.0 = Debug|Any CPU
		{83E2F4BD-7F5C-450F-A30B-50120A9F31EF}.Release|Any CPU.ActiveCfg = Release|Any CPU
		{83E2F4BD-7F5C-450F-A30B-50120A9F31EF}.Release|Any CPU.Build.0 = Release|Any CPU
	EndGlobalSection
	GlobalSection(SolutionProperties) = preSolution
		HideSolutionNode = FALSE
	EndGlobalSection
	GlobalSection(ExtensibilityGlobals) = postSolution
		SolutionGuid = {B490F6AF-42DF-4D29-83B0-28406CE3285B}
	EndGlobalSection
EndGlobal
